
Microsoft Visual Studio Solution File, Format Version 11.00
# Visual Studio 2010
Project("{FAE04EC0-301F-11D3-BF4B-00C04F79EFBC}") = "SistemaHospitalar", "SistemaHospitalar\SistemaHospitalar.csproj", "{D9367B5A-B237-42FA-9476-DAEE2D96ABD8}"
EndProject
Global
	GlobalSection(SolutionConfigurationPlatforms) = preSolution
		Debug|x86 = Debug|x86
		Release|x86 = Release|x86
	EndGlobalSection
	GlobalSection(ProjectConfigurationPlatforms) = postSolution
		{D9367B5A-B237-42FA-9476-DAEE2D96ABD8}.Debug|x86.ActiveCfg = Debug|x86
		{D9367B5A-B237-42FA-9476-DAEE2D96ABD8}.Debug|x86.Build.0 = Debug|x86
		{D9367B5A-B237-42FA-9476-DAEE2D96ABD8}.Release|x86.ActiveCfg = Release|x86
		{D9367B5A-B237-42FA-9476-DAEE2D96ABD8}.Release|x86.Build.0 = Release|x86
	EndGlobalSection
	GlobalSection(SolutionProperties) = preSolution
		HideSolutionNode = FALSE
	EndGlobalSection
EndGlobal
